
Microsoft Visual Studio Solution File, Format Version 12.00
# Visual Studio Version 17
VisualStudioVersion = 17.2.32630.192
MinimumVisualStudioVersion = 10.0.40219.1
Project("{FAE04EC0-301F-11D3-BF4B-00C04F79EFBC}") = "Calculator", "Calculator\Calculator.csproj", "{BCC93FAE-D01E-4ED1-9FF4-ABFCFD965A14}"
EndProject
Global
	GlobalSection(SolutionConfigurationPlatforms) = preSolution
		Debug|Any CPU = Debug|Any CPU
		Release|Any CPU = Release|Any CPU
	EndGlobalSection
	GlobalSection(ProjectConfigurationPlatforms) = postSolution
		{BCC93FAE-D01E-4ED1-9FF4-ABFCFD965A14}.Debug|Any CPU.ActiveCfg = Debug|Any CPU
		{BCC93FAE-D01E-4ED1-9FF4-ABFCFD965A14}.Debug|Any CPU.Build.0 = Debug|Any CPU
		{BCC93FAE-D01E-4ED1-9FF4-ABFCFD965A14}.Release|Any CPU.ActiveCfg = Release|Any CPU
		{BCC93FAE-D01E-4ED1-9FF4-ABFCFD965A14}.Release|Any CPU.Build.0 = Release|Any CPU
	EndGlobalSection
	GlobalSection(SolutionProperties) = preSolution
		HideSolutionNode = FALSE
	EndGlobalSection
	GlobalSection(ExtensibilityGlobals) = postSolution
		SolutionGuid = {0A3A4F9E-3669-4342-9594-34D1EDCA659E}
	EndGlobalSection
EndGlobal
